// !$*UTF8*$!
{
	archiveVersion = 1;
	classes = {
	};
	objectVersion = 51;
	objects = {

/* Begin PBXBuildFile section */
		131CD988F2E3BCDB5567EC90 /* Pods_8_3_34.framework in Frameworks */ = {isa = PBXBuildFile; fileRef = D20581BB4D671B82693C31AC /* Pods_8_3_34.framework */; };
		A606DEFE236F90CC0040194D /* storageManager.swift in Sources */ = {isa = PBXBuildFile; fileRef = A606DEFD236F90CC0040194D /* storageManager.swift */; };
		A606DF00236F91B60040194D /* ValuesModel.swift in Sources */ = {isa = PBXBuildFile; fileRef = A606DEFF236F91B60040194D /* ValuesModel.swift */; };
		A618148723CF7E8500099DA5 /* CustomTableViewCell.swift in Sources */ = {isa = PBXBuildFile; fileRef = A618148523CF7E8500099DA5 /* CustomTableViewCell.swift */; };
		A618148823CF7E8500099DA5 /* CustomTableViewCell.xib in Resources */ = {isa = PBXBuildFile; fileRef = A618148623CF7E8500099DA5 /* CustomTableViewCell.xib */; };
		A630A58F23797B330091A074 /* ChartViewController.xib in Resources */ = {isa = PBXBuildFile; fileRef = A630A58E23797B330091A074 /* ChartViewController.xib */; };
		A651D859236F3A390077D3C9 /* AppDelegate.swift in Sources */ = {isa = PBXBuildFile; fileRef = A651D858236F3A390077D3C9 /* AppDelegate.swift */; };
		A651D85B236F3A390077D3C9 /* SceneDelegate.swift in Sources */ = {isa = PBXBuildFile; fileRef = A651D85A236F3A390077D3C9 /* SceneDelegate.swift */; };
		A651D862236F3A3A0077D3C9 /* Assets.xcassets in Resources */ = {isa = PBXBuildFile; fileRef = A651D861236F3A3A0077D3C9 /* Assets.xcassets */; };
		A651D865236F3A3A0077D3C9 /* LaunchScreen.storyboard in Resources */ = {isa = PBXBuildFile; fileRef = A651D863236F3A3A0077D3C9 /* LaunchScreen.storyboard */; };
		A651D87A236F41AD0077D3C9 /* MainViewController.swift in Sources */ = {isa = PBXBuildFile; fileRef = A651D879236F41AD0077D3C9 /* MainViewController.swift */; };
		A651D87C236F41FE0077D3C9 /* TaskViewController.swift in Sources */ = {isa = PBXBuildFile; fileRef = A651D87B236F41FE0077D3C9 /* TaskViewController.swift */; };
		A651D87E236F4BF50077D3C9 /* ChartViewController.swift in Sources */ = {isa = PBXBuildFile; fileRef = A651D87D236F4BF50077D3C9 /* ChartViewController.swift */; };
		A65404BF23CCDC9D00FFFADC /* ResultViewController.swift in Sources */ = {isa = PBXBuildFile; fileRef = A65404BD23CCDC9D00FFFADC /* ResultViewController.swift */; };
		A6AA912723701538006BF7C0 /* Constants.swift in Sources */ = {isa = PBXBuildFile; fileRef = A6AA912623701538006BF7C0 /* Constants.swift */; };
		A6D97DD323DC9CF0004D3C12 /* Charts.framework in Frameworks */ = {isa = PBXBuildFile; fileRef = A6D97DCF23DB4B3E004D3C12 /* Charts.framework */; };
		A6D97DD423DC9CF0004D3C12 /* Charts.framework in Embed Frameworks */ = {isa = PBXBuildFile; fileRef = A6D97DCF23DB4B3E004D3C12 /* Charts.framework */; settings = {ATTRIBUTES = (CodeSignOnCopy, RemoveHeadersOnCopy, ); }; };
		A6FA631A23DDBEDA004973B9 /* MainTabBarController.swift in Sources */ = {isa = PBXBuildFile; fileRef = A6FA631923DDBEDA004973B9 /* MainTabBarController.swift */; };
/* End PBXBuildFile section */

/* Begin PBXContainerItemProxy section */
		A6D97DCE23DB4B3E004D3C12 /* PBXContainerItemProxy */ = {
			isa = PBXContainerItemProxy;
			containerPortal = A651D86C236F3AF90077D3C9 /* Charts.xcodeproj */;
			proxyType = 2;
			remoteGlobalIDString = 65AD9E95D9ED4DC0BD73A743;
			remoteInfo = Charts;
		};
		A6D97DD023DB4B3E004D3C12 /* PBXContainerItemProxy */ = {
			isa = PBXContainerItemProxy;
			containerPortal = A651D86C236F3AF90077D3C9 /* Charts.xcodeproj */;
			proxyType = 2;
			remoteGlobalIDString = 1CBBC58C6CE1EBEE9852CE41;
			remoteInfo = ChartsTests;
		};
/* End PBXContainerItemProxy section */

/* Begin PBXCopyFilesBuildPhase section */
		A651D878236F3B080077D3C9 /* Embed Frameworks */ = {
			isa = PBXCopyFilesBuildPhase;
			buildActionMask = 2147483647;
			dstPath = "";
			dstSubfolderSpec = 10;
			files = (
				A6D97DD423DC9CF0004D3C12 /* Charts.framework in Embed Frameworks */,
			);
			name = "Embed Frameworks";
			runOnlyForDeploymentPostprocessing = 0;
		};
/* End PBXCopyFilesBuildPhase section */

/* Begin PBXFileReference section */
		0A95E4EE8E1C0D829D0364EA /* Pods-8.3.34.release.xcconfig */ = {isa = PBXFileReference; includeInIndex = 1; lastKnownFileType = text.xcconfig; name = "Pods-8.3.34.release.xcconfig"; path = "Target Support Files/Pods-8.3.34/Pods-8.3.34.release.xcconfig"; sourceTree = "<group>"; };
		3665E373457BEA83686F1697 /* Pods-8.3.34.debug.xcconfig */ = {isa = PBXFileReference; includeInIndex = 1; lastKnownFileType = text.xcconfig; name = "Pods-8.3.34.debug.xcconfig"; path = "Target Support Files/Pods-8.3.34/Pods-8.3.34.debug.xcconfig"; sourceTree = "<group>"; };
		A606DEFD236F90CC0040194D /* storageManager.swift */ = {isa = PBXFileReference; lastKnownFileType = sourcecode.swift; path = storageManager.swift; sourceTree = "<group>"; };
		A606DEFF236F91B60040194D /* ValuesModel.swift */ = {isa = PBXFileReference; lastKnownFileType = sourcecode.swift; path = ValuesModel.swift; sourceTree = "<group>"; };
		A618148523CF7E8500099DA5 /* CustomTableViewCell.swift */ = {isa = PBXFileReference; lastKnownFileType = sourcecode.swift; path = CustomTableViewCell.swift; sourceTree = "<group>"; };
		A618148623CF7E8500099DA5 /* CustomTableViewCell.xib */ = {isa = PBXFileReference; lastKnownFileType = file.xib; path = CustomTableViewCell.xib; sourceTree = "<group>"; };
		A630A58E23797B330091A074 /* ChartViewController.xib */ = {isa = PBXFileReference; lastKnownFileType = file.xib; path = ChartViewController.xib; sourceTree = "<group>"; };
		A651D855236F3A390077D3C9 /* 8.3.34.app */ = {isa = PBXFileReference; explicitFileType = wrapper.application; includeInIndex = 0; path = 8.3.34.app; sourceTree = BUILT_PRODUCTS_DIR; };
		A651D858236F3A390077D3C9 /* AppDelegate.swift */ = {isa = PBXFileReference; lastKnownFileType = sourcecode.swift; path = AppDelegate.swift; sourceTree = "<group>"; };
		A651D85A236F3A390077D3C9 /* SceneDelegate.swift */ = {isa = PBXFileReference; lastKnownFileType = sourcecode.swift; path = SceneDelegate.swift; sourceTree = "<group>"; };
		A651D861236F3A3A0077D3C9 /* Assets.xcassets */ = {isa = PBXFileReference; lastKnownFileType = folder.assetcatalog; path = Assets.xcassets; sourceTree = "<group>"; };
		A651D864236F3A3A0077D3C9 /* Base */ = {isa = PBXFileReference; lastKnownFileType = file.storyboard; name = Base; path = Base.lproj/LaunchScreen.storyboard; sourceTree = "<group>"; };
		A651D866236F3A3A0077D3C9 /* Info.plist */ = {isa = PBXFileReference; lastKnownFileType = text.plist.xml; path = Info.plist; sourceTree = "<group>"; };
		A651D86C236F3AF90077D3C9 /* Charts.xcodeproj */ = {isa = PBXFileReference; lastKnownFileType = "wrapper.pb-project"; name = Charts.xcodeproj; path = ../../../Documents/GitHub/Charts/Charts.xcodeproj; sourceTree = "<group>"; };
		A651D879236F41AD0077D3C9 /* MainViewController.swift */ = {isa = PBXFileReference; lastKnownFileType = sourcecode.swift; path = MainViewController.swift; sourceTree = "<group>"; };
		A651D87B236F41FE0077D3C9 /* TaskViewController.swift */ = {isa = PBXFileReference; lastKnownFileType = sourcecode.swift; path = TaskViewController.swift; sourceTree = "<group>"; };
		A651D87D236F4BF50077D3C9 /* ChartViewController.swift */ = {isa = PBXFileReference; lastKnownFileType = sourcecode.swift; path = ChartViewController.swift; sourceTree = "<group>"; };
		A65404BD23CCDC9D00FFFADC /* ResultViewController.swift */ = {isa = PBXFileReference; lastKnownFileType = sourcecode.swift; path = ResultViewController.swift; sourceTree = "<group>"; };
		A684D72D236F7E8200BCD975 /* RealmSwift.framework */ = {isa = PBXFileReference; explicitFileType = wrapper.framework; path = RealmSwift.framework; sourceTree = BUILT_PRODUCTS_DIR; };
		A6AA912623701538006BF7C0 /* Constants.swift */ = {isa = PBXFileReference; lastKnownFileType = sourcecode.swift; path = Constants.swift; sourceTree = "<group>"; };
		A6FA631923DDBEDA004973B9 /* MainTabBarController.swift */ = {isa = PBXFileReference; lastKnownFileType = sourcecode.swift; path = MainTabBarController.swift; sourceTree = "<group>"; };
		D20581BB4D671B82693C31AC /* Pods_8_3_34.framework */ = {isa = PBXFileReference; explicitFileType = wrapper.framework; includeInIndex = 0; path = Pods_8_3_34.framework; sourceTree = BUILT_PRODUCTS_DIR; };
/* End PBXFileReference section */

/* Begin PBXFrameworksBuildPhase section */
		A651D852236F3A390077D3C9 /* Frameworks */ = {
			isa = PBXFrameworksBuildPhase;
			buildActionMask = 2147483647;
			files = (
				131CD988F2E3BCDB5567EC90 /* Pods_8_3_34.framework in Frameworks */,
				A6D97DD323DC9CF0004D3C12 /* Charts.framework in Frameworks */,
			);
			runOnlyForDeploymentPostprocessing = 0;
		};
/* End PBXFrameworksBuildPhase section */

/* Begin PBXGroup section */
		9853E6B62CEA911029087E86 /* Pods */ = {
			isa = PBXGroup;
			children = (
				3665E373457BEA83686F1697 /* Pods-8.3.34.debug.xcconfig */,
				0A95E4EE8E1C0D829D0364EA /* Pods-8.3.34.release.xcconfig */,
			);
			path = Pods;
			sourceTree = "<group>";
		};
		A651D84C236F3A390077D3C9 = {
			isa = PBXGroup;
			children = (
				A651D857236F3A390077D3C9 /* 8.3.34 */,
				A651D856236F3A390077D3C9 /* Products */,
				A651D875236F3B070077D3C9 /* Frameworks */,
				9853E6B62CEA911029087E86 /* Pods */,
			);
			sourceTree = "<group>";
		};
		A651D856236F3A390077D3C9 /* Products */ = {
			isa = PBXGroup;
			children = (
				A651D855236F3A390077D3C9 /* 8.3.34.app */,
			);
			name = Products;
			sourceTree = "<group>";
		};
		A651D857236F3A390077D3C9 /* 8.3.34 */ = {
			isa = PBXGroup;
			children = (
				A65F2C6D23729FBF003F195A /* Controllers */,
				A65F2C732372A0AC003F195A /* Models */,
				A65F2C7023729FFA003F195A /* Views */,
				A651D866236F3A3A0077D3C9 /* Info.plist */,
				A651D86C236F3AF90077D3C9 /* Charts.xcodeproj */,
			);
			path = 8.3.34;
			sourceTree = "<group>";
		};
		A651D875236F3B070077D3C9 /* Frameworks */ = {
			isa = PBXGroup;
			children = (
				A684D72D236F7E8200BCD975 /* RealmSwift.framework */,
				D20581BB4D671B82693C31AC /* Pods_8_3_34.framework */,
			);
			name = Frameworks;
			sourceTree = "<group>";
		};
		A65F2C6D23729FBF003F195A /* Controllers */ = {
			isa = PBXGroup;
			children = (
				A651D87B236F41FE0077D3C9 /* TaskViewController.swift */,
				A651D87D236F4BF50077D3C9 /* ChartViewController.swift */,
				A651D879236F41AD0077D3C9 /* MainViewController.swift */,
				A65404BD23CCDC9D00FFFADC /* ResultViewController.swift */,
				A6FA631923DDBEDA004973B9 /* MainTabBarController.swift */,
			);
			path = Controllers;
			sourceTree = "<group>";
		};
		A65F2C7023729FFA003F195A /* Views */ = {
			isa = PBXGroup;
			children = (
				A618148623CF7E8500099DA5 /* CustomTableViewCell.xib */,
				A630A58E23797B330091A074 /* ChartViewController.xib */,
				A651D863236F3A3A0077D3C9 /* LaunchScreen.storyboard */,
				A651D861236F3A3A0077D3C9 /* Assets.xcassets */,
			);
			path = Views;
			sourceTree = "<group>";
		};
		A65F2C732372A0AC003F195A /* Models */ = {
			isa = PBXGroup;
			children = (
				A651D85A236F3A390077D3C9 /* SceneDelegate.swift */,
				A651D858236F3A390077D3C9 /* AppDelegate.swift */,
				A606DEFF236F91B60040194D /* ValuesModel.swift */,
				A606DEFD236F90CC0040194D /* storageManager.swift */,
				A618148523CF7E8500099DA5 /* CustomTableViewCell.swift */,
				A6AA912623701538006BF7C0 /* Constants.swift */,
			);
			path = Models;
			sourceTree = "<group>";
		};
		A6D97DCA23DB4B3E004D3C12 /* Products */ = {
			isa = PBXGroup;
			children = (
				A6D97DCF23DB4B3E004D3C12 /* Charts.framework */,
				A6D97DD123DB4B3E004D3C12 /* ChartsTests.xctest */,
			);
			name = Products;
			sourceTree = "<group>";
		};
/* End PBXGroup section */

/* Begin PBXNativeTarget section */
		A651D854236F3A390077D3C9 /* 8.3.34 */ = {
			isa = PBXNativeTarget;
			buildConfigurationList = A651D869236F3A3A0077D3C9 /* Build configuration list for PBXNativeTarget "8.3.34" */;
			buildPhases = (
				A7DBA2F7C66204D6CC278B24 /* [CP] Check Pods Manifest.lock */,
				A651D851236F3A390077D3C9 /* Sources */,
				A651D852236F3A390077D3C9 /* Frameworks */,
				A651D853236F3A390077D3C9 /* Resources */,
				A651D878236F3B080077D3C9 /* Embed Frameworks */,
				DDA4105ED652678854F3C049 /* [CP] Embed Pods Frameworks */,
			);
			buildRules = (
			);
			dependencies = (
			);
			name = 8.3.34;
			productName = 8.3.34;
			productReference = A651D855236F3A390077D3C9 /* 8.3.34.app */;
			productType = "com.apple.product-type.application";
		};
/* End PBXNativeTarget section */

/* Begin PBXProject section */
		A651D84D236F3A390077D3C9 /* Project object */ = {
			isa = PBXProject;
			attributes = {
				LastSwiftUpdateCheck = 1120;
				LastUpgradeCheck = 1120;
				ORGANIZATIONNAME = "Alexey Meleshkevich";
				TargetAttributes = {
					A651D854236F3A390077D3C9 = {
						CreatedOnToolsVersion = 11.2;
					};
				};
			};
			buildConfigurationList = A651D850236F3A390077D3C9 /* Build configuration list for PBXProject "8.3.34" */;
			compatibilityVersion = "Xcode 9.3";
			developmentRegion = en;
			hasScannedForEncodings = 0;
			knownRegions = (
				en,
				Base,
			);
			mainGroup = A651D84C236F3A390077D3C9;
			productRefGroup = A651D856236F3A390077D3C9 /* Products */;
			projectDirPath = "";
			projectReferences = (
				{
					ProductGroup = A6D97DCA23DB4B3E004D3C12 /* Products */;
					ProjectRef = A651D86C236F3AF90077D3C9 /* Charts.xcodeproj */;
				},
			);
			projectRoot = "";
			targets = (
				A651D854236F3A390077D3C9 /* 8.3.34 */,
			);
		};
/* End PBXProject section */

/* Begin PBXReferenceProxy section */
		A6D97DCF23DB4B3E004D3C12 /* Charts.framework */ = {
			isa = PBXReferenceProxy;
			fileType = wrapper.framework;
			path = Charts.framework;
			remoteRef = A6D97DCE23DB4B3E004D3C12 /* PBXContainerItemProxy */;
			sourceTree = BUILT_PRODUCTS_DIR;
		};
		A6D97DD123DB4B3E004D3C12 /* ChartsTests.xctest */ = {
			isa = PBXReferenceProxy;
			fileType = wrapper.cfbundle;
			path = ChartsTests.xctest;
			remoteRef = A6D97DD023DB4B3E004D3C12 /* PBXContainerItemProxy */;
			sourceTree = BUILT_PRODUCTS_DIR;
		};
/* End PBXReferenceProxy section */

/* Begin PBXResourcesBuildPhase section */
		A651D853236F3A390077D3C9 /* Resources */ = {
			isa = PBXResourcesBuildPhase;
			buildActionMask = 2147483647;
			files = (
				A651D865236F3A3A0077D3C9 /* LaunchScreen.storyboard in Resources */,
				A630A58F23797B330091A074 /* ChartViewController.xib in Resources */,
				A618148823CF7E8500099DA5 /* CustomTableViewCell.xib in Resources */,
				A651D862236F3A3A0077D3C9 /* Assets.xcassets in Resources */,
			);
			runOnlyForDeploymentPostprocessing = 0;
		};
/* End PBXResourcesBuildPhase section */

/* Begin PBXShellScriptBuildPhase section */
		A7DBA2F7C66204D6CC278B24 /* [CP] Check Pods Manifest.lock */ = {
			isa = PBXShellScriptBuildPhase;
			buildActionMask = 2147483647;
			files = (
			);
			inputFileListPaths = (
			);
			inputPaths = (
				"${PODS_PODFILE_DIR_PATH}/Podfile.lock",
				"${PODS_ROOT}/Manifest.lock",
			);
			name = "[CP] Check Pods Manifest.lock";
			outputFileListPaths = (
			);
			outputPaths = (
				"$(DERIVED_FILE_DIR)/Pods-8.3.34-checkManifestLockResult.txt",
			);
			runOnlyForDeploymentPostprocessing = 0;
			shellPath = /bin/sh;
			shellScript = "diff \"${PODS_PODFILE_DIR_PATH}/Podfile.lock\" \"${PODS_ROOT}/Manifest.lock\" > /dev/null\nif [ $? != 0 ] ; then\n    # print error to STDERR\n    echo \"error: The sandbox is not in sync with the Podfile.lock. Run 'pod install' or update your CocoaPods installation.\" >&2\n    exit 1\nfi\n# This output is used by Xcode 'outputs' to avoid re-running this script phase.\necho \"SUCCESS\" > \"${SCRIPT_OUTPUT_FILE_0}\"\n";
			showEnvVarsInLog = 0;
		};
		DDA4105ED652678854F3C049 /* [CP] Embed Pods Frameworks */ = {
			isa = PBXShellScriptBuildPhase;
			buildActionMask = 2147483647;
			files = (
			);
			inputFileListPaths = (
				"${PODS_ROOT}/Target Support Files/Pods-8.3.34/Pods-8.3.34-frameworks-${CONFIGURATION}-input-files.xcfilelist",
			);
			name = "[CP] Embed Pods Frameworks";
			outputFileListPaths = (
				"${PODS_ROOT}/Target Support Files/Pods-8.3.34/Pods-8.3.34-frameworks-${CONFIGURATION}-output-files.xcfilelist",
			);
			runOnlyForDeploymentPostprocessing = 0;
			shellPath = /bin/sh;
			shellScript = "\"${PODS_ROOT}/Target Support Files/Pods-8.3.34/Pods-8.3.34-frameworks.sh\"\n";
			showEnvVarsInLog = 0;
		};
/* End PBXShellScriptBuildPhase section */

/* Begin PBXSourcesBuildPhase section */
		A651D851236F3A390077D3C9 /* Sources */ = {
			isa = PBXSourcesBuildPhase;
			buildActionMask = 2147483647;
			files = (
				A606DEFE236F90CC0040194D /* storageManager.swift in Sources */,
				A6AA912723701538006BF7C0 /* Constants.swift in Sources */,
				A6FA631A23DDBEDA004973B9 /* MainTabBarController.swift in Sources */,
				A651D87A236F41AD0077D3C9 /* MainViewController.swift in Sources */,
				A651D87C236F41FE0077D3C9 /* TaskViewController.swift in Sources */,
				A651D859236F3A390077D3C9 /* AppDelegate.swift in Sources */,
				A606DF00236F91B60040194D /* ValuesModel.swift in Sources */,
				A618148723CF7E8500099DA5 /* CustomTableViewCell.swift in Sources */,
				A651D85B236F3A390077D3C9 /* SceneDelegate.swift in Sources */,
				A651D87E236F4BF50077D3C9 /* ChartViewController.swift in Sources */,
				A65404BF23CCDC9D00FFFADC /* ResultViewController.swift in Sources */,
			);
			runOnlyForDeploymentPostprocessing = 0;
		};
/* End PBXSourcesBuildPhase section */

/* Begin PBXVariantGroup section */
		A651D863236F3A3A0077D3C9 /* LaunchScreen.storyboard */ = {
			isa = PBXVariantGroup;
			children = (
				A651D864236F3A3A0077D3C9 /* Base */,
			);
			name = LaunchScreen.storyboard;
			sourceTree = "<group>";
		};
/* End PBXVariantGroup section */

/* Begin XCBuildConfiguration section */
		A651D867236F3A3A0077D3C9 /* Debug */ = {
			isa = XCBuildConfiguration;
			buildSettings = {
				ALWAYS_SEARCH_USER_PATHS = NO;
				CLANG_ANALYZER_NONNULL = YES;
				CLANG_ANALYZER_NUMBER_OBJECT_CONVERSION = YES_AGGRESSIVE;
				CLANG_CXX_LANGUAGE_STANDARD = "gnu++14";
				CLANG_CXX_LIBRARY = "libc++";
				CLANG_ENABLE_MODULES = YES;
				CLANG_ENABLE_OBJC_ARC = YES;
				CLANG_ENABLE_OBJC_WEAK = YES;
				CLANG_WARN_BLOCK_CAPTURE_AUTORELEASING = YES;
				CLANG_WARN_BOOL_CONVERSION = YES;
				CLANG_WARN_COMMA = YES;
				CLANG_WARN_CONSTANT_CONVERSION = YES;
				CLANG_WARN_DEPRECATED_OBJC_IMPLEMENTATIONS = YES;
				CLANG_WARN_DIRECT_OBJC_ISA_USAGE = YES_ERROR;
				CLANG_WARN_DOCUMENTATION_COMMENTS = YES;
				CLANG_WARN_EMPTY_BODY = YES;
				CLANG_WARN_ENUM_CONVERSION = YES;
				CLANG_WARN_INFINITE_RECURSION = YES;
				CLANG_WARN_INT_CONVERSION = YES;
				CLANG_WARN_NON_LITERAL_NULL_CONVERSION = YES;
				CLANG_WARN_OBJC_IMPLICIT_RETAIN_SELF = YES;
				CLANG_WARN_OBJC_LITERAL_CONVERSION = YES;
				CLANG_WARN_OBJC_ROOT_CLASS = YES_ERROR;
				CLANG_WARN_RANGE_LOOP_ANALYSIS = YES;
				CLANG_WARN_STRICT_PROTOTYPES = YES;
				CLANG_WARN_SUSPICIOUS_MOVE = YES;
				CLANG_WARN_UNGUARDED_AVAILABILITY = YES_AGGRESSIVE;
				CLANG_WARN_UNREACHABLE_CODE = YES;
				CLANG_WARN__DUPLICATE_METHOD_MATCH = YES;
				COPY_PHASE_STRIP = NO;
				DEBUG_INFORMATION_FORMAT = dwarf;
				ENABLE_STRICT_OBJC_MSGSEND = YES;
				ENABLE_TESTABILITY = YES;
				GCC_C_LANGUAGE_STANDARD = gnu11;
				GCC_DYNAMIC_NO_PIC = NO;
				GCC_NO_COMMON_BLOCKS = YES;
				GCC_OPTIMIZATION_LEVEL = 0;
				GCC_PREPROCESSOR_DEFINITIONS = (
					"DEBUG=1",
					"$(inherited)",
				);
				GCC_WARN_64_TO_32_BIT_CONVERSION = YES;
				GCC_WARN_ABOUT_RETURN_TYPE = YES_ERROR;
				GCC_WARN_UNDECLARED_SELECTOR = YES;
				GCC_WARN_UNINITIALIZED_AUTOS = YES_AGGRESSIVE;
				GCC_WARN_UNUSED_FUNCTION = YES;
				GCC_WARN_UNUSED_VARIABLE = YES;
				IPHONEOS_DEPLOYMENT_TARGET = 13.2;
				MTL_ENABLE_DEBUG_INFO = INCLUDE_SOURCE;
				MTL_FAST_MATH = YES;
				ONLY_ACTIVE_ARCH = YES;
				SDKROOT = iphoneos;
				SWIFT_ACTIVE_COMPILATION_CONDITIONS = DEBUG;
				SWIFT_OPTIMIZATION_LEVEL = "-Onone";
			};
			name = Debug;
		};
		A651D868236F3A3A0077D3C9 /* Release */ = {
			isa = XCBuildConfiguration;
			buildSettings = {
				ALWAYS_SEARCH_USER_PATHS = NO;
				CLANG_ANALYZER_NONNULL = YES;
				CLANG_ANALYZER_NUMBER_OBJECT_CONVERSION = YES_AGGRESSIVE;
				CLANG_CXX_LANGUAGE_STANDARD = "gnu++14";
				CLANG_CXX_LIBRARY = "libc++";
				CLANG_ENABLE_MODULES = YES;
				CLANG_ENABLE_OBJC_ARC = YES;
				CLANG_ENABLE_OBJC_WEAK = YES;
				CLANG_WARN_BLOCK_CAPTURE_AUTORELEASING = YES;
				CLANG_WARN_BOOL_CONVERSION = YES;
				CLANG_WARN_COMMA = YES;
				CLANG_WARN_CONSTANT_CONVERSION = YES;
				CLANG_WARN_DEPRECATED_OBJC_IMPLEMENTATIONS = YES;
				CLANG_WARN_DIRECT_OBJC_ISA_USAGE = YES_ERROR;
				CLANG_WARN_DOCUMENTATION_COMMENTS = YES;
				CLANG_WARN_EMPTY_BODY = YES;
				CLANG_WARN_ENUM_CONVERSION = YES;
				CLANG_WARN_INFINITE_RECURSION = YES;
				CLANG_WARN_INT_CONVERSION = YES;
				CLANG_WARN_NON_LITERAL_NULL_CONVERSION = YES;
				CLANG_WARN_OBJC_IMPLICIT_RETAIN_SELF = YES;
				CLANG_WARN_OBJC_LITERAL_CONVERSION = YES;
				CLANG_WARN_OBJC_ROOT_CLASS = YES_ERROR;
				CLANG_WARN_RANGE_LOOP_ANALYSIS = YES;
				CLANG_WARN_STRICT_PROTOTYPES = YES;
				CLANG_WARN_SUSPICIOUS_MOVE = YES;
				CLANG_WARN_UNGUARDED_AVAILABILITY = YES_AGGRESSIVE;
				CLANG_WARN_UNREACHABLE_CODE = YES;
				CLANG_WARN__DUPLICATE_METHOD_MATCH = YES;
				COPY_PHASE_STRIP = NO;
				DEBUG_INFORMATION_FORMAT = "dwarf-with-dsym";
				ENABLE_NS_ASSERTIONS = NO;
				ENABLE_STRICT_OBJC_MSGSEND = YES;
				GCC_C_LANGUAGE_STANDARD = gnu11;
				GCC_NO_COMMON_BLOCKS = YES;
				GCC_WARN_64_TO_32_BIT_CONVERSION = YES;
				GCC_WARN_ABOUT_RETURN_TYPE = YES_ERROR;
				GCC_WARN_UNDECLARED_SELECTOR = YES;
				GCC_WARN_UNINITIALIZED_AUTOS = YES_AGGRESSIVE;
				GCC_WARN_UNUSED_FUNCTION = YES;
				GCC_WARN_UNUSED_VARIABLE = YES;
				IPHONEOS_DEPLOYMENT_TARGET = 13.2;
				MTL_ENABLE_DEBUG_INFO = NO;
				MTL_FAST_MATH = YES;
				SDKROOT = iphoneos;
				SWIFT_COMPILATION_MODE = wholemodule;
				SWIFT_OPTIMIZATION_LEVEL = "-O";
				VALIDATE_PRODUCT = YES;
			};
			name = Release;
		};
		A651D86A236F3A3A0077D3C9 /* Debug */ = {
			isa = XCBuildConfiguration;
			baseConfigurationReference = 3665E373457BEA83686F1697 /* Pods-8.3.34.debug.xcconfig */;
			buildSettings = {
				ASSETCATALOG_COMPILER_APPICON_NAME = AppIcon;
				CODE_SIGN_STYLE = Automatic;
				DEVELOPMENT_TEAM = WD3HSGX563;
				INFOPLIST_FILE = 8.3.34/Info.plist;
				LD_RUNPATH_SEARCH_PATHS = (
					"$(inherited)",
					"@executable_path/Frameworks",
				);
				PRODUCT_BUNDLE_IDENTIFIER = "Meli.--3-34";
				PRODUCT_NAME = "$(TARGET_NAME)";
				SWIFT_VERSION = 5.0;
				TARGETED_DEVICE_FAMILY = "1,2";
			};
			name = Debug;
		};
		A651D86B236F3A3A0077D3C9 /* Release */ = {
			isa = XCBuildConfiguration;
			baseConfigurationReference = 0A95E4EE8E1C0D829D0364EA /* Pods-8.3.34.release.xcconfig */;
			buildSettings = {
				ASSETCATALOG_COMPILER_APPICON_NAME = AppIcon;
				CODE_SIGN_STYLE = Automatic;
				DEVELOPMENT_TEAM = WD3HSGX563;
				INFOPLIST_FILE = 8.3.34/Info.plist;
				LD_RUNPATH_SEARCH_PATHS = (
					"$(inherited)",
					"@executable_path/Frameworks",
				);
				PRODUCT_BUNDLE_IDENTIFIER = "Meli.--3-34";
				PRODUCT_NAME = "$(TARGET_NAME)";
				SWIFT_VERSION = 5.0;
				TARGETED_DEVICE_FAMILY = "1,2";
			};
			name = Release;
		};
/* End XCBuildConfiguration section */

/* Begin XCConfigurationList section */
		A651D850236F3A390077D3C9 /* Build configuration list for PBXProject "8.3.34" */ = {
			isa = XCConfigurationList;
			buildConfigurations = (
				A651D867236F3A3A0077D3C9 /* Debug */,
				A651D868236F3A3A0077D3C9 /* Release */,
			);
			defaultConfigurationIsVisible = 0;
			defaultConfigurationName = Release;
		};
		A651D869236F3A3A0077D3C9 /* Build configuration list for PBXNativeTarget "8.3.34" */ = {
			isa = XCConfigurationList;
			buildConfigurations = (
				A651D86A236F3A3A0077D3C9 /* Debug */,
				A651D86B236F3A3A0077D3C9 /* Release */,
			);
			defaultConfigurationIsVisible = 0;
			defaultConfigurationName = Release;
		};
/* End XCConfigurationList section */
	};
	rootObject = A651D84D236F3A390077D3C9 /* Project object */;
}
